
Microsoft Visual Studio Solution File, Format Version 12.00
# Visual Studio 2012
Project("{FAE04EC0-301F-11D3-BF4B-00C04F79EFBC}") = "DomainLayer", "DomainLayer\DomainLayer.csproj", "{077D8C7D-F050-4123-B45A-E917B8DA923E}"
EndProject
Project("{FAE04EC0-301F-11D3-BF4B-00C04F79EFBC}") = "DAL", "DAL\DAL.csproj", "{04013109-DFD2-4A56-8E06-A5E91E8AD296}"
EndProject
Project("{FAE04EC0-301F-11D3-BF4B-00C04F79EFBC}") = "Presentation", "Presentation\Presentation.csproj", "{87A81743-FB5D-41F4-97EF-515FAB6790AB}"
EndProject
Global
	GlobalSection(SolutionConfigurationPlatforms) = preSolution
		Debug|Any CPU = Debug|Any CPU
		Release|Any CPU = Release|Any CPU
	EndGlobalSection
	GlobalSection(ProjectConfigurationPlatforms) = postSolution
		{077D8C7D-F050-4123-B45A-E917B8DA923E}.Debug|Any CPU.ActiveCfg = Debug|Any CPU
		{077D8C7D-F050-4123-B45A-E917B8DA923E}.Debug|Any CPU.Build.0 = Debug|Any CPU
		{077D8C7D-F050-4123-B45A-E917B8DA923E}.Release|Any CPU.ActiveCfg = Release|Any CPU
		{077D8C7D-F050-4123-B45A-E917B8DA923E}.Release|Any CPU.Build.0 = Release|Any CPU
		{04013109-DFD2-4A56-8E06-A5E91E8AD296}.Debug|Any CPU.ActiveCfg = Debug|Any CPU
		{04013109-DFD2-4A56-8E06-A5E91E8AD296}.Debug|Any CPU.Build.0 = Debug|Any CPU
		{04013109-DFD2-4A56-8E06-A5E91E8AD296}.Release|Any CPU.ActiveCfg = Release|Any CPU
		{04013109-DFD2-4A56-8E06-A5E91E8AD296}.Release|Any CPU.Build.0 = Release|Any CPU
		{87A81743-FB5D-41F4-97EF-515FAB6790AB}.Debug|Any CPU.ActiveCfg = Debug|Any CPU
		{87A81743-FB5D-41F4-97EF-515FAB6790AB}.Debug|Any CPU.Build.0 = Debug|Any CPU
		{87A81743-FB5D-41F4-97EF-515FAB6790AB}.Release|Any CPU.ActiveCfg = Release|Any CPU
		{87A81743-FB5D-41F4-97EF-515FAB6790AB}.Release|Any CPU.Build.0 = Release|Any CPU
	EndGlobalSection
	GlobalSection(SolutionProperties) = preSolution
		HideSolutionNode = FALSE
	EndGlobalSection
EndGlobal
